
Microsoft Visual Studio Solution File, Format Version 12.00
# Visual Studio 2012
Project("{FAE04EC0-301F-11D3-BF4B-00C04F79EFBC}") = "EyeTracking.Tracker", "EyeTracking.Tracker\EyeTracking.Tracker.csproj", "{F7C3401C-D4C6-4185-A442-B8CA011B7D8E}"
EndProject
Project("{FAE04EC0-301F-11D3-BF4B-00C04F79EFBC}") = "EyeTracking.App", "EyeTracking.App\EyeTracking.App.csproj", "{0098C29E-1530-486C-AC5E-3BA206E648C3}"
EndProject
Project("{FAE04EC0-301F-11D3-BF4B-00C04F79EFBC}") = "EyeTracking.Util.DP", "EyeTracking.Util.DP\EyeTracking.Util.DP.csproj", "{43BF775C-FAB6-4D69-9F76-CD53DD8555AD}"
EndProject
Project("{FAE04EC0-301F-11D3-BF4B-00C04F79EFBC}") = "EyeTracking.Calibrator", "EyeTracking.Calibrator\EyeTracking.Calibrator.csproj", "{FB8CD349-80BD-4EF8-A450-230EAD9FA79F}"
EndProject
Project("{FAE04EC0-301F-11D3-BF4B-00C04F79EFBC}") = "EyeTracking.SplitData", "EyeTracking.SplitData\EyeTracking.SplitData.csproj", "{394D308D-BACF-4926-A996-E8A91A6BC98A}"
EndProject
Project("{FAE04EC0-301F-11D3-BF4B-00C04F79EFBC}") = "EyeTracking.Aggregate", "EyeTracking.Aggregate\EyeTracking.Aggregate.csproj", "{83B81370-3647-4021-9DC7-2EC964159C2A}"
EndProject
Global
	GlobalSection(SolutionConfigurationPlatforms) = preSolution
		Debug|Any CPU = Debug|Any CPU
		Debug|Mixed Platforms = Debug|Mixed Platforms
		Debug|x64 = Debug|x64
		Release|Any CPU = Release|Any CPU
		Release|Mixed Platforms = Release|Mixed Platforms
		Release|x64 = Release|x64
	EndGlobalSection
	GlobalSection(ProjectConfigurationPlatforms) = postSolution
		{F7C3401C-D4C6-4185-A442-B8CA011B7D8E}.Debug|Any CPU.ActiveCfg = Debug|Any CPU
		{F7C3401C-D4C6-4185-A442-B8CA011B7D8E}.Debug|Any CPU.Build.0 = Debug|Any CPU
		{F7C3401C-D4C6-4185-A442-B8CA011B7D8E}.Debug|Mixed Platforms.ActiveCfg = Debug|Any CPU
		{F7C3401C-D4C6-4185-A442-B8CA011B7D8E}.Debug|Mixed Platforms.Build.0 = Debug|Any CPU
		{F7C3401C-D4C6-4185-A442-B8CA011B7D8E}.Debug|x64.ActiveCfg = Debug|Any CPU
		{F7C3401C-D4C6-4185-A442-B8CA011B7D8E}.Debug|x64.Build.0 = Debug|Any CPU
		{F7C3401C-D4C6-4185-A442-B8CA011B7D8E}.Release|Any CPU.ActiveCfg = Release|Any CPU
		{F7C3401C-D4C6-4185-A442-B8CA011B7D8E}.Release|Any CPU.Build.0 = Release|Any CPU
		{F7C3401C-D4C6-4185-A442-B8CA011B7D8E}.Release|Mixed Platforms.ActiveCfg = Release|Any CPU
		{F7C3401C-D4C6-4185-A442-B8CA011B7D8E}.Release|Mixed Platforms.Build.0 = Release|Any CPU
		{F7C3401C-D4C6-4185-A442-B8CA011B7D8E}.Release|x64.ActiveCfg = Release|Any CPU
		{0098C29E-1530-486C-AC5E-3BA206E648C3}.Debug|Any CPU.ActiveCfg = Debug|Any CPU
		{0098C29E-1530-486C-AC5E-3BA206E648C3}.Debug|Any CPU.Build.0 = Debug|Any CPU
		{0098C29E-1530-486C-AC5E-3BA206E648C3}.Debug|Mixed Platforms.ActiveCfg = Debug|Any CPU
		{0098C29E-1530-486C-AC5E-3BA206E648C3}.Debug|Mixed Platforms.Build.0 = Debug|Any CPU
		{0098C29E-1530-486C-AC5E-3BA206E648C3}.Debug|x64.ActiveCfg = Debug|Any CPU
		{0098C29E-1530-486C-AC5E-3BA206E648C3}.Release|Any CPU.ActiveCfg = Release|Any CPU
		{0098C29E-1530-486C-AC5E-3BA206E648C3}.Release|Any CPU.Build.0 = Release|Any CPU
		{0098C29E-1530-486C-AC5E-3BA206E648C3}.Release|Mixed Platforms.ActiveCfg = Release|Any CPU
		{0098C29E-1530-486C-AC5E-3BA206E648C3}.Release|Mixed Platforms.Build.0 = Release|Any CPU
		{0098C29E-1530-486C-AC5E-3BA206E648C3}.Release|x64.ActiveCfg = Release|Any CPU
		{43BF775C-FAB6-4D69-9F76-CD53DD8555AD}.Debug|Any CPU.ActiveCfg = Debug|Any CPU
		{43BF775C-FAB6-4D69-9F76-CD53DD8555AD}.Debug|Any CPU.Build.0 = Debug|Any CPU
		{43BF775C-FAB6-4D69-9F76-CD53DD8555AD}.Debug|Mixed Platforms.ActiveCfg = Debug|Any CPU
		{43BF775C-FAB6-4D69-9F76-CD53DD8555AD}.Debug|Mixed Platforms.Build.0 = Debug|Any CPU
		{43BF775C-FAB6-4D69-9F76-CD53DD8555AD}.Debug|x64.ActiveCfg = Debug|Any CPU
		{43BF775C-FAB6-4D69-9F76-CD53DD8555AD}.Release|Any CPU.ActiveCfg = Release|Any CPU
		{43BF775C-FAB6-4D69-9F76-CD53DD8555AD}.Release|Any CPU.Build.0 = Release|Any CPU
		{43BF775C-FAB6-4D69-9F76-CD53DD8555AD}.Release|Mixed Platforms.ActiveCfg = Release|Any CPU
		{43BF775C-FAB6-4D69-9F76-CD53DD8555AD}.Release|Mixed Platforms.Build.0 = Release|Any CPU
		{43BF775C-FAB6-4D69-9F76-CD53DD8555AD}.Release|x64.ActiveCfg = Release|Any CPU
		{FB8CD349-80BD-4EF8-A450-230EAD9FA79F}.Debug|Any CPU.ActiveCfg = Debug|Any CPU
		{FB8CD349-80BD-4EF8-A450-230EAD9FA79F}.Debug|Any CPU.Build.0 = Debug|Any CPU
		{FB8CD349-80BD-4EF8-A450-230EAD9FA79F}.Debug|Mixed Platforms.ActiveCfg = Debug|Any CPU
		{FB8CD349-80BD-4EF8-A450-230EAD9FA79F}.Debug|Mixed Platforms.Build.0 = Debug|Any CPU
		{FB8CD349-80BD-4EF8-A450-230EAD9FA79F}.Debug|x64.ActiveCfg = Debug|Any CPU
		{FB8CD349-80BD-4EF8-A450-230EAD9FA79F}.Release|Any CPU.ActiveCfg = Release|Any CPU
		{FB8CD349-80BD-4EF8-A450-230EAD9FA79F}.Release|Any CPU.Build.0 = Release|Any CPU
		{FB8CD349-80BD-4EF8-A450-230EAD9FA79F}.Release|Mixed Platforms.ActiveCfg = Release|Any CPU
		{FB8CD349-80BD-4EF8-A450-230EAD9FA79F}.Release|Mixed Platforms.Build.0 = Release|Any CPU
		{FB8CD349-80BD-4EF8-A450-230EAD9FA79F}.Release|x64.ActiveCfg = Release|Any CPU
		{394D308D-BACF-4926-A996-E8A91A6BC98A}.Debug|Any CPU.ActiveCfg = Debug|Any CPU
		{394D308D-BACF-4926-A996-E8A91A6BC98A}.Debug|Any CPU.Build.0 = Debug|Any CPU
		{394D308D-BACF-4926-A996-E8A91A6BC98A}.Debug|Mixed Platforms.ActiveCfg = Debug|Any CPU
		{394D308D-BACF-4926-A996-E8A91A6BC98A}.Debug|Mixed Platforms.Build.0 = Debug|Any CPU
		{394D308D-BACF-4926-A996-E8A91A6BC98A}.Debug|x64.ActiveCfg = Debug|Any CPU
		{394D308D-BACF-4926-A996-E8A91A6BC98A}.Release|Any CPU.ActiveCfg = Release|Any CPU
		{394D308D-BACF-4926-A996-E8A91A6BC98A}.Release|Any CPU.Build.0 = Release|Any CPU
		{394D308D-BACF-4926-A996-E8A91A6BC98A}.Release|Mixed Platforms.ActiveCfg = Release|Any CPU
		{394D308D-BACF-4926-A996-E8A91A6BC98A}.Release|Mixed Platforms.Build.0 = Release|Any CPU
		{394D308D-BACF-4926-A996-E8A91A6BC98A}.Release|x64.ActiveCfg = Release|Any CPU
		{83B81370-3647-4021-9DC7-2EC964159C2A}.Debug|Any CPU.ActiveCfg = Debug|Any CPU
		{83B81370-3647-4021-9DC7-2EC964159C2A}.Debug|Any CPU.Build.0 = Debug|Any CPU
		{83B81370-3647-4021-9DC7-2EC964159C2A}.Debug|Mixed Platforms.ActiveCfg = Debug|Any CPU
		{83B81370-3647-4021-9DC7-2EC964159C2A}.Debug|Mixed Platforms.Build.0 = Debug|Any CPU
		{83B81370-3647-4021-9DC7-2EC964159C2A}.Debug|x64.ActiveCfg = Debug|Any CPU
		{83B81370-3647-4021-9DC7-2EC964159C2A}.Release|Any CPU.ActiveCfg = Release|Any CPU
		{83B81370-3647-4021-9DC7-2EC964159C2A}.Release|Any CPU.Build.0 = Release|Any CPU
		{83B81370-3647-4021-9DC7-2EC964159C2A}.Release|Mixed Platforms.ActiveCfg = Release|Any CPU
		{83B81370-3647-4021-9DC7-2EC964159C2A}.Release|Mixed Platforms.Build.0 = Release|Any CPU
		{83B81370-3647-4021-9DC7-2EC964159C2A}.Release|x64.ActiveCfg = Release|Any CPU
	EndGlobalSection
	GlobalSection(SolutionProperties) = preSolution
		HideSolutionNode = FALSE
	EndGlobalSection
EndGlobal
